// !$*UTF8*$!
{
	archiveVersion = 1;
	classes = {
	};
	objectVersion = 46;
	objects = {

/* Begin PBXBuildFile section */
		4C5740491D0D4C45006C8FF0 /* CalculatorBrain.swift in Sources */ = {isa = PBXBuildFile; fileRef = 4C5740481D0D4C45006C8FF0 /* CalculatorBrain.swift */; };
		4C6617DD1D0A9715000604BB /* AppDelegate.swift in Sources */ = {isa = PBXBuildFile; fileRef = 4C6617DC1D0A9715000604BB /* AppDelegate.swift */; };
		4C6617DF1D0A9715000604BB /* ViewController.swift in Sources */ = {isa = PBXBuildFile; fileRef = 4C6617DE1D0A9715000604BB /* ViewController.swift */; };
		4C6617E21D0A9715000604BB /* Main.storyboard in Resources */ = {isa = PBXBuildFile; fileRef = 4C6617E01D0A9715000604BB /* Main.storyboard */; };
		4C6617E41D0A9715000604BB /* Assets.xcassets in Resources */ = {isa = PBXBuildFile; fileRef = 4C6617E31D0A9715000604BB /* Assets.xcassets */; };
		4C6617E71D0A9715000604BB /* LaunchScreen.storyboard in Resources */ = {isa = PBXBuildFile; fileRef = 4C6617E51D0A9715000604BB /* LaunchScreen.storyboard */; };
		4C6617F21D0A9715000604BB /* CalculatorTests.swift in Sources */ = {isa = PBXBuildFile; fileRef = 4C6617F11D0A9715000604BB /* CalculatorTests.swift */; };
/* End PBXBuildFile section */

/* Begin PBXContainerItemProxy section */
		4C6617EE1D0A9715000604BB /* PBXContainerItemProxy */ = {
			isa = PBXContainerItemProxy;
			containerPortal = 4C6617D11D0A9715000604BB /* Project object */;
			proxyType = 1;
			remoteGlobalIDString = 4C6617D81D0A9715000604BB;
			remoteInfo = Calculator;
		};
/* End PBXContainerItemProxy section */

/* Begin PBXFileReference section */
		4C5740481D0D4C45006C8FF0 /* CalculatorBrain.swift */ = {isa = PBXFileReference; fileEncoding = 4; lastKnownFileType = sourcecode.swift; path = CalculatorBrain.swift; sourceTree = "<group>"; };
		4C6617D91D0A9715000604BB /* Calculator.app */ = {isa = PBXFileReference; explicitFileType = wrapper.application; includeInIndex = 0; path = Calculator.app; sourceTree = BUILT_PRODUCTS_DIR; };
		4C6617DC1D0A9715000604BB /* AppDelegate.swift */ = {isa = PBXFileReference; lastKnownFileType = sourcecode.swift; path = AppDelegate.swift; sourceTree = "<group>"; };
		4C6617DE1D0A9715000604BB /* ViewController.swift */ = {isa = PBXFileReference; lastKnownFileType = sourcecode.swift; path = ViewController.swift; sourceTree = "<group>"; };
		4C6617E11D0A9715000604BB /* Base */ = {isa = PBXFileReference; lastKnownFileType = file.storyboard; name = Base; path = Base.lproj/Main.storyboard; sourceTree = "<group>"; };
		4C6617E31D0A9715000604BB /* Assets.xcassets */ = {isa = PBXFileReference; lastKnownFileType = folder.assetcatalog; path = Assets.xcassets; sourceTree = "<group>"; };
		4C6617E61D0A9715000604BB /* Base */ = {isa = PBXFileReference; lastKnownFileType = file.storyboard; name = Base; path = Base.lproj/LaunchScreen.storyboard; sourceTree = "<group>"; };
		4C6617E81D0A9715000604BB /* Info.plist */ = {isa = PBXFileReference; lastKnownFileType = text.plist.xml; path = Info.plist; sourceTree = "<group>"; };
		4C6617ED1D0A9715000604BB /* CalculatorTests.xctest */ = {isa = PBXFileReference; explicitFileType = wrapper.cfbundle; includeInIndex = 0; path = CalculatorTests.xctest; sourceTree = BUILT_PRODUCTS_DIR; };
		4C6617F11D0A9715000604BB /* CalculatorTests.swift */ = {isa = PBXFileReference; lastKnownFileType = sourcecode.swift; path = CalculatorTests.swift; sourceTree = "<group>"; };
		4C6617F31D0A9715000604BB /* Info.plist */ = {isa = PBXFileReference; lastKnownFileType = text.plist.xml; path = Info.plist; sourceTree = "<group>"; };
/* End PBXFileReference section */

/* Begin PBXFrameworksBuildPhase section */
		4C6617D61D0A9715000604BB /* Frameworks */ = {
			isa = PBXFrameworksBuildPhase;
			buildActionMask = 2147483647;
			files = (
			);
			runOnlyForDeploymentPostprocessing = 0;
		};
		4C6617EA1D0A9715000604BB /* Frameworks */ = {
			isa = PBXFrameworksBuildPhase;
			buildActionMask = 2147483647;
			files = (
			);
			runOnlyForDeploymentPostprocessing = 0;
		};
/* End PBXFrameworksBuildPhase section */

/* Begin PBXGroup section */
		4C57404A1D0D4DC6006C8FF0 /* Supporting Files */ = {
			isa = PBXGroup;
			children = (
				4C6617DC1D0A9715000604BB /* AppDelegate.swift */,
				4C6617E31D0A9715000604BB /* Assets.xcassets */,
				4C6617E51D0A9715000604BB /* LaunchScreen.storyboard */,
				4C6617E81D0A9715000604BB /* Info.plist */,
			);
			name = "Supporting Files";
			sourceTree = "<group>";
		};
		4C6617D01D0A9715000604BB = {
			isa = PBXGroup;
			children = (
				4C6617DB1D0A9715000604BB /* Calculator */,
				4C6617F01D0A9715000604BB /* CalculatorTests */,
				4C6617DA1D0A9715000604BB /* Products */,
			);
			sourceTree = "<group>";
		};
		4C6617DA1D0A9715000604BB /* Products */ = {
			isa = PBXGroup;
			children = (
				4C6617D91D0A9715000604BB /* Calculator.app */,
				4C6617ED1D0A9715000604BB /* CalculatorTests.xctest */,
			);
			name = Products;
			sourceTree = "<group>";
		};
		4C6617DB1D0A9715000604BB /* Calculator */ = {
			isa = PBXGroup;
			children = (
				4C57404A1D0D4DC6006C8FF0 /* Supporting Files */,
				4C6617DE1D0A9715000604BB /* ViewController.swift */,
				4C6617E01D0A9715000604BB /* Main.storyboard */,
				4C5740481D0D4C45006C8FF0 /* CalculatorBrain.swift */,
			);
			path = Calculator;
			sourceTree = "<group>";
		};
		4C6617F01D0A9715000604BB /* CalculatorTests */ = {
			isa = PBXGroup;
			children = (
				4C6617F11D0A9715000604BB /* CalculatorTests.swift */,
				4C6617F31D0A9715000604BB /* Info.plist */,
			);
			path = CalculatorTests;
			sourceTree = "<group>";
		};
/* End PBXGroup section */

/* Begin PBXNativeTarget section */
		4C6617D81D0A9715000604BB /* Calculator */ = {
			isa = PBXNativeTarget;
			buildConfigurationList = 4C6617F61D0A9715000604BB /* Build configuration list for PBXNativeTarget "Calculator" */;
			buildPhases = (
				4C6617D51D0A9715000604BB /* Sources */,
				4C6617D61D0A9715000604BB /* Frameworks */,
				4C6617D71D0A9715000604BB /* Resources */,
			);
			buildRules = (
			);
			dependencies = (
			);
			name = Calculator;
			productName = Calculator;
			productReference = 4C6617D91D0A9715000604BB /* Calculator.app */;
			productType = "com.apple.product-type.application";
		};
		4C6617EC1D0A9715000604BB /* CalculatorTests */ = {
			isa = PBXNativeTarget;
			buildConfigurationList = 4C6617F91D0A9715000604BB /* Build configuration list for PBXNativeTarget "CalculatorTests" */;
			buildPhases = (
				4C6617E91D0A9715000604BB /* Sources */,
				4C6617EA1D0A9715000604BB /* Frameworks */,
				4C6617EB1D0A9715000604BB /* Resources */,
			);
			buildRules = (
			);
			dependencies = (
				4C6617EF1D0A9715000604BB /* PBXTargetDependency */,
			);
			name = CalculatorTests;
			productName = CalculatorTests;
			productReference = 4C6617ED1D0A9715000604BB /* CalculatorTests.xctest */;
			productType = "com.apple.product-type.bundle.unit-test";
		};
/* End PBXNativeTarget section */

/* Begin PBXProject section */
		4C6617D11D0A9715000604BB /* Project object */ = {
			isa = PBXProject;
			attributes = {
				LastSwiftUpdateCheck = 0730;
				LastUpgradeCheck = 0730;
				ORGANIZATIONNAME = "Ahmet Atalay";
				TargetAttributes = {
					4C6617D81D0A9715000604BB = {
						CreatedOnToolsVersion = 7.3.1;
					};
					4C6617EC1D0A9715000604BB = {
						CreatedOnToolsVersion = 7.3.1;
						TestTargetID = 4C6617D81D0A9715000604BB;
					};
				};
			};
			buildConfigurationList = 4C6617D41D0A9715000604BB /* Build configuration list for PBXProject "Calculator" */;
			compatibilityVersion = "Xcode 3.2";
			developmentRegion = English;
			hasScannedForEncodings = 0;
			knownRegions = (
				en,
				Base,
			);
			mainGroup = 4C6617D01D0A9715000604BB;
			productRefGroup = 4C6617DA1D0A9715000604BB /* Products */;
			projectDirPath = "";
			projectRoot = "";
			targets = (
				4C6617D81D0A9715000604BB /* Calculator */,
				4C6617EC1D0A9715000604BB /* CalculatorTests */,
			);
		};
/* End PBXProject section */

/* Begin PBXResourcesBuildPhase section */
		4C6617D71D0A9715000604BB /* Resources */ = {
			isa = PBXResourcesBuildPhase;
			buildActionMask = 2147483647;
			files = (
				4C6617E71D0A9715000604BB /* LaunchScreen.storyboard in Resources */,
				4C6617E41D0A9715000604BB /* Assets.xcassets in Resources */,
				4C6617E21D0A9715000604BB /* Main.storyboard in Resources */,
			);
			runOnlyForDeploymentPostprocessing = 0;
		};
		4C6617EB1D0A9715000604BB /* Resources */ = {
			isa = PBXResourcesBuildPhase;
			buildActionMask = 2147483647;
			files = (
			);
			runOnlyForDeploymentPostprocessing = 0;
		};
/* End PBXResourcesBuildPhase section */

/* Begin PBXSourcesBuildPhase section */
		4C6617D51D0A9715000604BB /* Sources */ = {
			isa = PBXSourcesBuildPhase;
			buildActionMask = 2147483647;
			files = (
				4C5740491D0D4C45006C8FF0 /* CalculatorBrain.swift in Sources */,
				4C6617DF1D0A9715000604BB /* ViewController.swift in Sources */,
				4C6617DD1D0A9715000604BB /* AppDelegate.swift in Sources */,
			);
			runOnlyForDeploymentPostprocessing = 0;
		};
		4C6617E91D0A9715000604BB /* Sources */ = {
			isa = PBXSourcesBuildPhase;
			buildActionMask = 2147483647;
			files = (
				4C6617F21D0A9715000604BB /* CalculatorTests.swift in Sources */,
			);
			runOnlyForDeploymentPostprocessing = 0;
		};
/* End PBXSourcesBuildPhase section */

/* Begin PBXTargetDependency section */
		4C6617EF1D0A9715000604BB /* PBXTargetDependency */ = {
			isa = PBXTargetDependency;
			target = 4C6617D81D0A9715000604BB /* Calculator */;
			targetProxy = 4C6617EE1D0A9715000604BB /* PBXContainerItemProxy */;
		};
/* End PBXTargetDependency section */

/* Begin PBXVariantGroup section */
		4C6617E01D0A9715000604BB /* Main.storyboard */ = {
			isa = PBXVariantGroup;
			children = (
				4C6617E11D0A9715000604BB /* Base */,
			);
			name = Main.storyboard;
			sourceTree = "<group>";
		};
		4C6617E51D0A9715000604BB /* LaunchScreen.storyboard */ = {
			isa = PBXVariantGroup;
			children = (
				4C6617E61D0A9715000604BB /* Base */,
			);
			name = LaunchScreen.storyboard;
			sourceTree = "<group>";
		};
/* End PBXVariantGroup section */

/* Begin XCBuildConfiguration section */
		4C6617F41D0A9715000604BB /* Debug */ = {
			isa = XCBuildConfiguration;
			buildSettings = {
				ALWAYS_SEARCH_USER_PATHS = NO;
				CLANG_ANALYZER_NONNULL = YES;
				CLANG_CXX_LANGUAGE_STANDARD = "gnu++0x";
				CLANG_CXX_LIBRARY = "libc++";
				CLANG_ENABLE_MODULES = YES;
				CLANG_ENABLE_OBJC_ARC = YES;
				CLANG_WARN_BOOL_CONVERSION = YES;
				CLANG_WARN_CONSTANT_CONVERSION = YES;
				CLANG_WARN_DIRECT_OBJC_ISA_USAGE = YES_ERROR;
				CLANG_WARN_EMPTY_BODY = YES;
				CLANG_WARN_ENUM_CONVERSION = YES;
				CLANG_WARN_INT_CONVERSION = YES;
				CLANG_WARN_OBJC_ROOT_CLASS = YES_ERROR;
				CLANG_WARN_UNREACHABLE_CODE = YES;
				CLANG_WARN__DUPLICATE_METHOD_MATCH = YES;
				"CODE_SIGN_IDENTITY[sdk=iphoneos*]" = "iPhone Developer";
				COPY_PHASE_STRIP = NO;
				DEBUG_INFORMATION_FORMAT = dwarf;
				ENABLE_STRICT_OBJC_MSGSEND = YES;
				ENABLE_TESTABILITY = YES;
				GCC_C_LANGUAGE_STANDARD = gnu99;
				GCC_DYNAMIC_NO_PIC = NO;
				GCC_NO_COMMON_BLOCKS = YES;
				GCC_OPTIMIZATION_LEVEL = 0;
				GCC_PREPROCESSOR_DEFINITIONS = (
					"DEBUG=1",
					"$(inherited)",
				);
				GCC_WARN_64_TO_32_BIT_CONVERSION = YES;
				GCC_WARN_ABOUT_RETURN_TYPE = YES_ERROR;
				GCC_WARN_UNDECLARED_SELECTOR = YES;
				GCC_WARN_UNINITIALIZED_AUTOS = YES_AGGRESSIVE;
				GCC_WARN_UNUSED_FUNCTION = YES;
				GCC_WARN_UNUSED_VARIABLE = YES;
				IPHONEOS_DEPLOYMENT_TARGET = 9.3;
				MTL_ENABLE_DEBUG_INFO = YES;
				ONLY_ACTIVE_ARCH = YES;
				SDKROOT = iphoneos;
				SWIFT_OPTIMIZATION_LEVEL = "-Onone";
				TARGETED_DEVICE_FAMILY = "1,2";
			};
			name = Debug;
		};
		4C6617F51D0A9715000604BB /* Release */ = {
			isa = XCBuildConfiguration;
			buildSettings = {
				ALWAYS_SEARCH_USER_PATHS = NO;
				CLANG_ANALYZER_NONNULL = YES;
				CLANG_CXX_LANGUAGE_STANDARD = "gnu++0x";
				CLANG_CXX_LIBRARY = "libc++";
				CLANG_ENABLE_MODULES = YES;
				CLANG_ENABLE_OBJC_ARC = YES;
				CLANG_WARN_BOOL_CONVERSION = YES;
				CLANG_WARN_CONSTANT_CONVERSION = YES;
				CLANG_WARN_DIRECT_OBJC_ISA_USAGE = YES_ERROR;
				CLANG_WARN_EMPTY_BODY = YES;
				CLANG_WARN_ENUM_CONVERSION = YES;
				CLANG_WARN_INT_CONVERSION = YES;
				CLANG_WARN_OBJC_ROOT_CLASS = YES_ERROR;
				CLANG_WARN_UNREACHABLE_CODE = YES;
				CLANG_WARN__DUPLICATE_METHOD_MATCH = YES;
				"CODE_SIGN_IDENTITY[sdk=iphoneos*]" = "iPhone Developer";
				COPY_PHASE_STRIP = NO;
				DEBUG_INFORMATION_FORMAT = "dwarf-with-dsym";
				ENABLE_NS_ASSERTIONS = NO;
				ENABLE_STRICT_OBJC_MSGSEND = YES;
				GCC_C_LANGUAGE_STANDARD = gnu99;
				GCC_NO_COMMON_BLOCKS = YES;
				GCC_WARN_64_TO_32_BIT_CONVERSION = YES;
				GCC_WARN_ABOUT_RETURN_TYPE = YES_ERROR;
				GCC_WARN_UNDECLARED_SELECTOR = YES;
				GCC_WARN_UNINITIALIZED_AUTOS = YES_AGGRESSIVE;
				GCC_WARN_UNUSED_FUNCTION = YES;
				GCC_WARN_UNUSED_VARIABLE = YES;
				IPHONEOS_DEPLOYMENT_TARGET = 9.3;
				MTL_ENABLE_DEBUG_INFO = NO;
				SDKROOT = iphoneos;
				TARGETED_DEVICE_FAMILY = "1,2";
				VALIDATE_PRODUCT = YES;
			};
			name = Release;
		};
		4C6617F71D0A9715000604BB /* Debug */ = {
			isa = XCBuildConfiguration;
			buildSettings = {
				ASSETCATALOG_COMPILER_APPICON_NAME = AppIcon;
				INFOPLIST_FILE = Calculator/Info.plist;
				LD_RUNPATH_SEARCH_PATHS = "$(inherited) @executable_path/Frameworks";
				PRODUCT_BUNDLE_IDENTIFIER = com.ahmetatalay.Calculator;
				PRODUCT_NAME = "$(TARGET_NAME)";
			};
			name = Debug;
		};
		4C6617F81D0A9715000604BB /* Release */ = {
			isa = XCBuildConfiguration;
			buildSettings = {
				ASSETCATALOG_COMPILER_APPICON_NAME = AppIcon;
				INFOPLIST_FILE = Calculator/Info.plist;
				LD_RUNPATH_SEARCH_PATHS = "$(inherited) @executable_path/Frameworks";
				PRODUCT_BUNDLE_IDENTIFIER = com.ahmetatalay.Calculator;
				PRODUCT_NAME = "$(TARGET_NAME)";
			};
			name = Release;
		};
		4C6617FA1D0A9715000604BB /* Debug */ = {
			isa = XCBuildConfiguration;
			buildSettings = {
				BUNDLE_LOADER = "$(TEST_HOST)";
				INFOPLIST_FILE = CalculatorTests/Info.plist;
				LD_RUNPATH_SEARCH_PATHS = "$(inherited) @executable_path/Frameworks @loader_path/Frameworks";
				PRODUCT_BUNDLE_IDENTIFIER = com.ahmetatalay.CalculatorTests;
				PRODUCT_NAME = "$(TARGET_NAME)";
				TEST_HOST = "$(BUILT_PRODUCTS_DIR)/Calculator.app/Calculator";
			};
			name = Debug;
		};
		4C6617FB1D0A9715000604BB /* Release */ = {
			isa = XCBuildConfiguration;
			buildSettings = {
				BUNDLE_LOADER = "$(TEST_HOST)";
				INFOPLIST_FILE = CalculatorTests/Info.plist;
				LD_RUNPATH_SEARCH_PATHS = "$(inherited) @executable_path/Frameworks @loader_path/Frameworks";
				PRODUCT_BUNDLE_IDENTIFIER = com.ahmetatalay.CalculatorTests;
				PRODUCT_NAME = "$(TARGET_NAME)";
				TEST_HOST = "$(BUILT_PRODUCTS_DIR)/Calculator.app/Calculator";
			};
			name = Release;
		};
/* End XCBuildConfiguration section */

/* Begin XCConfigurationList section */
		4C6617D41D0A9715000604BB /* Build configuration list for PBXProject "Calculator" */ = {
			isa = XCConfigurationList;
			buildConfigurations = (
				4C6617F41D0A9715000604BB /* Debug */,
				4C6617F51D0A9715000604BB /* Release */,
			);
			defaultConfigurationIsVisible = 0;
			defaultConfigurationName = Release;
		};
		4C6617F61D0A9715000604BB /* Build configuration list for PBXNativeTarget "Calculator" */ = {
			isa = XCConfigurationList;
			buildConfigurations = (
				4C6617F71D0A9715000604BB /* Debug */,
				4C6617F81D0A9715000604BB /* Release */,
			);
			defaultConfigurationIsVisible = 0;
			defaultConfigurationName = Release;
		};
		4C6617F91D0A9715000604BB /* Build configuration list for PBXNativeTarget "CalculatorTests" */ = {
			isa = XCConfigurationList;
			buildConfigurations = (
				4C6617FA1D0A9715000604BB /* Debug */,
				4C6617FB1D0A9715000604BB /* Release */,
			);
			defaultConfigurationIsVisible = 0;
			defaultConfigurationName = Release;
		};
/* End XCConfigurationList section */
	};
	rootObject = 4C6617D11D0A9715000604BB /* Project object */;
}
